
Microsoft Visual Studio Solution File, Format Version 12.00
# Visual Studio Version 17
VisualStudioVersion = 17.0.32112.339
MinimumVisualStudioVersion = 10.0.40219.1
Project("{FAE04EC0-301F-11D3-BF4B-00C04F79EFBC}") = "FindYourFit", "FindYourFit\FindYourFit.csproj", "{A37291E0-C453-4599-BA28-96D310A2925B}"
EndProject
Global
	GlobalSection(SolutionConfigurationPlatforms) = preSolution
		Debug|Any CPU = Debug|Any CPU
		Release|Any CPU = Release|Any CPU
	EndGlobalSection
	GlobalSection(ProjectConfigurationPlatforms) = postSolution
		{A37291E0-C453-4599-BA28-96D310A2925B}.Debug|Any CPU.ActiveCfg = Debug|Any CPU
		{A37291E0-C453-4599-BA28-96D310A2925B}.Debug|Any CPU.Build.0 = Debug|Any CPU
		{A37291E0-C453-4599-BA28-96D310A2925B}.Release|Any CPU.ActiveCfg = Release|Any CPU
		{A37291E0-C453-4599-BA28-96D310A2925B}.Release|Any CPU.Build.0 = Release|Any CPU
	EndGlobalSection
	GlobalSection(SolutionProperties) = preSolution
		HideSolutionNode = FALSE
	EndGlobalSection
	GlobalSection(ExtensibilityGlobals) = postSolution
		SolutionGuid = {2E29BB7C-4BED-4A6D-B0F6-76F44A2B4167}
	EndGlobalSection
EndGlobal
